
Microsoft Visual Studio Solution File, Format Version 12.00
# Visual Studio Version 17
VisualStudioVersion = 17.14.36603.0 d17.14
MinimumVisualStudioVersion = 10.0.40219.1
Project("{FAE04EC0-301F-11D3-BF4B-00C04F79EFBC}") = "pdh_231230796_de01", "pdh_231230796_de01.csproj", "{648FDE60-CAD9-4597-BD0F-E096A230114C}"
EndProject
Global
	GlobalSection(SolutionConfigurationPlatforms) = preSolution
		Debug|Any CPU = Debug|Any CPU
		Release|Any CPU = Release|Any CPU
	EndGlobalSection
	GlobalSection(ProjectConfigurationPlatforms) = postSolution
		{648FDE60-CAD9-4597-BD0F-E096A230114C}.Debug|Any CPU.ActiveCfg = Debug|Any CPU
		{648FDE60-CAD9-4597-BD0F-E096A230114C}.Debug|Any CPU.Build.0 = Debug|Any CPU
		{648FDE60-CAD9-4597-BD0F-E096A230114C}.Release|Any CPU.ActiveCfg = Release|Any CPU
		{648FDE60-CAD9-4597-BD0F-E096A230114C}.Release|Any CPU.Build.0 = Release|Any CPU
	EndGlobalSection
	GlobalSection(SolutionProperties) = preSolution
		HideSolutionNode = FALSE
	EndGlobalSection
	GlobalSection(ExtensibilityGlobals) = postSolution
		SolutionGuid = {859E82FF-C6AF-4062-BE85-53AB4F360CA6}
	EndGlobalSection
EndGlobal
